
Microsoft Visual Studio Solution File, Format Version 12.00
# Visual Studio Version 16
VisualStudioVersion = 16.0.32002.261
MinimumVisualStudioVersion = 10.0.40219.1
Project("{9A19103F-16F7-4668-BE54-9A1E7A4F7556}") = "Skiy", "Skiy\Skiy.csproj", "{3859F526-4443-47F4-B186-4E22F7882D97}"
EndProject
Global
	GlobalSection(SolutionConfigurationPlatforms) = preSolution
		Debug|Any CPU = Debug|Any CPU
		Release|Any CPU = Release|Any CPU
	EndGlobalSection
	GlobalSection(ProjectConfigurationPlatforms) = postSolution
		{3859F526-4443-47F4-B186-4E22F7882D97}.Debug|Any CPU.ActiveCfg = Debug|Any CPU
		{3859F526-4443-47F4-B186-4E22F7882D97}.Debug|Any CPU.Build.0 = Debug|Any CPU
		{3859F526-4443-47F4-B186-4E22F7882D97}.Release|Any CPU.ActiveCfg = Release|Any CPU
		{3859F526-4443-47F4-B186-4E22F7882D97}.Release|Any CPU.Build.0 = Release|Any CPU
	EndGlobalSection
	GlobalSection(SolutionProperties) = preSolution
		HideSolutionNode = FALSE
	EndGlobalSection
	GlobalSection(ExtensibilityGlobals) = postSolution
		SolutionGuid = {581DA887-DA36-40C3-A762-6EA421304061}
	EndGlobalSection
EndGlobal
